{
  "nodes": {
    "einakter": {
      "flake": false,
      "locked": {
        "narHash": "sha256-Iv7ibM2w1L9XbTbYZfjmFQBMNFuos96lU8Ijp7KU1RY=",
        "type": "file",
        "url": "https://github.com/dracor-org/einakter/releases/download/v1.5.0/einakter-v1.5.0.json"
      },
      "original": {
        "type": "file",
        "url": "https://github.com/dracor-org/einakter/releases/download/v1.5.0/einakter-v1.5.0.json"
      }
    },
    "nixpkgs": {
      "locked": {
        "lastModified": 1726871744,
        "narHash": "sha256-V5LpfdHyQkUF7RfOaDPrZDP+oqz88lTJrMT1+stXNwo=",
        "owner": "NixOS",
        "repo": "nixpkgs",
        "rev": "a1d92660c6b3b7c26fb883500a80ea9d33321be2",
        "type": "github"
      },
      "original": {
        "owner": "NixOS",
        "ref": "nixpkgs-unstable",
        "repo": "nixpkgs",
        "type": "github"
      }
    },
    "root": {
      "inputs": {
        "einakter": "einakter",
        "nixpkgs": "nixpkgs"
      }
    }
  },
  "root": "root",
  "version": 7
}
